<?xml version="1.0" encoding="utf-8"?>
<Project ToolsVersion="17.0" xmlns="http://schemas.microsoft.com/developer/msbuild/2003">
  <ItemGroup>
    <CustomBuild Include="C:\Users\Pedro\Documents\pkgs\docx\CMakeFiles\2f03e20407e19b698cf290f6259f1b1b\generate.stamp.rule">
      <Filter>CMake Rules</Filter>
    </CustomBuild>
  </ItemGroup>
  <ItemGroup>
    <Filter Include="CMake Rules">
      <UniqueIdentifier>{2148D760-2902-3D61-9590-A073F4A3CAD4}</UniqueIdentifier>
    </Filter>
  </ItemGroup>
</Project>
